
Microsoft Visual Studio Solution File, Format Version 12.00
# Visual Studio Version 17
VisualStudioVersion = 17.5.33530.505
MinimumVisualStudioVersion = 10.0.40219.1
Project("{FAE04EC0-301F-11D3-BF4B-00C04F79EFBC}") = "BogusTestApp", "BogusTestApp\BogusTestApp.csproj", "{0AE457AC-4544-4552-AA8C-70F9BFA71067}"
EndProject
Project("{2150E333-8FDC-42A3-9474-1A3956D46DE8}") = "Test", "Test", "{660FAA93-B344-471C-9265-0C43B96A57F0}"
EndProject
Project("{2150E333-8FDC-42A3-9474-1A3956D46DE8}") = "Simulation", "Simulation", "{16FEA13D-F6D6-4CE9-B5B3-D1B50BEDA720}"
EndProject
Project("{2150E333-8FDC-42A3-9474-1A3956D46DE8}") = "MQTT Subscriber", "MQTT Subscriber", "{82C6602F-68FD-4F56-A065-FB291D73CD75}"
EndProject
Project("{2150E333-8FDC-42A3-9474-1A3956D46DE8}") = "MQTT Publisher", "MQTT Publisher", "{DFB65BD6-5F96-4B65-9D2D-CCBA6139048B}"
EndProject
Project("{FAE04EC0-301F-11D3-BF4B-00C04F79EFBC}") = "FakeIotDeviceApp", "FakeIotDeviceApp\FakeIotDeviceApp.csproj", "{8DB8CBAE-DFAB-4232-B307-B8746EBB1519}"
EndProject
Project("{FAE04EC0-301F-11D3-BF4B-00C04F79EFBC}") = "SmartHomeMonitoringApp", "SmartHomeMonitoringApp\SmartHomeMonitoringApp.csproj", "{18A652EA-2364-4E98-AA26-B10C113C8A9A}"
EndProject
Project("{2150E333-8FDC-42A3-9474-1A3956D46DE8}") = "SQL", "SQL", "{76C11102-DC3D-4F29-B310-8303226D571F}"
	ProjectSection(SolutionItems) = preProject
		TextFile1.txt = TextFile1.txt
	EndProjectSection
EndProject
Project("{2150E333-8FDC-42A3-9474-1A3956D46DE8}") = "RPiTest", "RPiTest", "{3F788AA0-64FC-43AD-BDC3-03DD380C8199}"
EndProject
Project("{FAE04EC0-301F-11D3-BF4B-00C04F79EFBC}") = "RPiMonitoringApp", "RPiMonitoringApp\RPiMonitoringApp.csproj", "{CC4CB5BB-2985-4F17-9A8C-77E41EDCE5AF}"
EndProject
Global
	GlobalSection(SolutionConfigurationPlatforms) = preSolution
		Debug|Any CPU = Debug|Any CPU
		Release|Any CPU = Release|Any CPU
	EndGlobalSection
	GlobalSection(ProjectConfigurationPlatforms) = postSolution
		{0AE457AC-4544-4552-AA8C-70F9BFA71067}.Debug|Any CPU.ActiveCfg = Debug|Any CPU
		{0AE457AC-4544-4552-AA8C-70F9BFA71067}.Debug|Any CPU.Build.0 = Debug|Any CPU
		{0AE457AC-4544-4552-AA8C-70F9BFA71067}.Release|Any CPU.ActiveCfg = Release|Any CPU
		{0AE457AC-4544-4552-AA8C-70F9BFA71067}.Release|Any CPU.Build.0 = Release|Any CPU
		{8DB8CBAE-DFAB-4232-B307-B8746EBB1519}.Debug|Any CPU.ActiveCfg = Debug|Any CPU
		{8DB8CBAE-DFAB-4232-B307-B8746EBB1519}.Debug|Any CPU.Build.0 = Debug|Any CPU
		{8DB8CBAE-DFAB-4232-B307-B8746EBB1519}.Release|Any CPU.ActiveCfg = Release|Any CPU
		{8DB8CBAE-DFAB-4232-B307-B8746EBB1519}.Release|Any CPU.Build.0 = Release|Any CPU
		{18A652EA-2364-4E98-AA26-B10C113C8A9A}.Debug|Any CPU.ActiveCfg = Debug|Any CPU
		{18A652EA-2364-4E98-AA26-B10C113C8A9A}.Debug|Any CPU.Build.0 = Debug|Any CPU
		{18A652EA-2364-4E98-AA26-B10C113C8A9A}.Release|Any CPU.ActiveCfg = Release|Any CPU
		{18A652EA-2364-4E98-AA26-B10C113C8A9A}.Release|Any CPU.Build.0 = Release|Any CPU
		{CC4CB5BB-2985-4F17-9A8C-77E41EDCE5AF}.Debug|Any CPU.ActiveCfg = Debug|Any CPU
		{CC4CB5BB-2985-4F17-9A8C-77E41EDCE5AF}.Debug|Any CPU.Build.0 = Debug|Any CPU
		{CC4CB5BB-2985-4F17-9A8C-77E41EDCE5AF}.Release|Any CPU.ActiveCfg = Release|Any CPU
		{CC4CB5BB-2985-4F17-9A8C-77E41EDCE5AF}.Release|Any CPU.Build.0 = Release|Any CPU
	EndGlobalSection
	GlobalSection(SolutionProperties) = preSolution
		HideSolutionNode = FALSE
	EndGlobalSection
	GlobalSection(NestedProjects) = preSolution
		{0AE457AC-4544-4552-AA8C-70F9BFA71067} = {660FAA93-B344-471C-9265-0C43B96A57F0}
		{8DB8CBAE-DFAB-4232-B307-B8746EBB1519} = {DFB65BD6-5F96-4B65-9D2D-CCBA6139048B}
		{18A652EA-2364-4E98-AA26-B10C113C8A9A} = {82C6602F-68FD-4F56-A065-FB291D73CD75}
		{CC4CB5BB-2985-4F17-9A8C-77E41EDCE5AF} = {3F788AA0-64FC-43AD-BDC3-03DD380C8199}
	EndGlobalSection
	GlobalSection(ExtensibilityGlobals) = postSolution
		SolutionGuid = {16805E7C-C085-4964-A84A-245B426FA719}
	EndGlobalSection
EndGlobal
